{
  "name": "all",
  "version": "0.1.0-beta.1",
  "lockfileVersion": 3,
  "requires": true,
  "packages": {
    "": {
      "name": "all",
      "version": "0.1.0-beta.1",
      "license": "MIT",
      "workspaces": [
        "src/native/*"
      ],
      "dependencies": {
        "typescript": "^5.5.3"
      },
      "devDependencies": {}
    },
    "node_modules/native--advance": {
      "resolved": "src/native/advance",
      "link": true
    },
    "node_modules/native--animation": {
      "resolved": "src/native/animation",
      "link": true
    },
    "node_modules/native--cryptographic": {
      "resolved": "src/native/cryptographic",
      "link": true
    },
    "node_modules/native--dom": {
      "resolved": "src/native/dom",
      "link": true
    },
    "node_modules/native--friction": {
      "resolved": "src/native/friction",
      "link": true
    },
    "node_modules/native--http": {
      "resolved": "src/native/http",
      "link": true
    },
    "node_modules/native--icon": {
      "resolved": "src/native/icon",
      "link": true
    },
    "node_modules/native--math": {
      "resolved": "src/native/math",
      "link": true
    },
    "node_modules/native--parse": {
      "resolved": "src/native/parse",
      "link": true
    },
    "node_modules/native--pop": {
      "resolved": "src/native/pop",
      "link": true
    },
    "node_modules/native--qr": {
      "resolved": "src/native/qr",
      "link": true
    },
    "node_modules/native--storage": {
      "resolved": "src/native/storage",
      "link": true
    },
    "node_modules/native--validator": {
      "resolved": "src/native/validator",
      "link": true
    },
    "node_modules/typescript": {
      "version": "5.5.3",
      "resolved": "https://registry.npmjs.org/typescript/-/typescript-5.5.3.tgz",
      "integrity": "sha512-/hreyEujaB0w76zKo6717l3L0o/qEUtRgdvUBvlkhoWeOVMjMuHNHk0BRBzikzuGDqNmPQbg5ifMEqsHLiIUcQ==",
      "bin": {
        "tsc": "bin/tsc",
        "tsserver": "bin/tsserver"
      },
      "engines": {
        "node": ">=14.17"
      }
    },
    "src/native/advance": {
      "name": "native--advance",
      "version": "0.1.0-beta.1",
      "license": "MIT"
    },
    "src/native/animation": {
      "name": "native--animation",
      "version": "0.1.0-beta.1",
      "license": "MIT"
    },
    "src/native/cryptographic": {
      "name": "native--cryptographic",
      "version": "0.1.0-beta.1",
      "license": "MIT"
    },
    "src/native/dom": {
      "name": "native--dom",
      "version": "0.1.0-beta.1",
      "license": "MIT"
    },
    "src/native/friction": {
      "name": "native--friction",
      "version": "0.1.0-beta.1",
      "license": "MIT"
    },
    "src/native/http": {
      "name": "native--http",
      "version": "0.1.0-beta.1",
      "license": "MIT"
    },
    "src/native/icon": {
      "name": "native--icon",
      "version": "0.1.0-beta.1",
      "license": "MIT"
    },
    "src/native/math": {
      "name": "native--math",
      "version": "0.1.0-beta.1",
      "license": "MIT"
    },
    "src/native/parse": {
      "name": "native--parse",
      "version": "0.1.0-beta.1",
      "license": "MIT"
    },
    "src/native/pop": {
      "name": "native--pop",
      "version": "0.1.0-beta.1",
      "license": "MIT"
    },
    "src/native/qr": {
      "name": "native--qr",
      "version": "0.1.0-beta.1",
      "license": "MIT"
    },
    "src/native/storage": {
      "name": "native--storage",
      "version": "0.1.0-beta.1",
      "license": "MIT"
    },
    "src/native/validator": {
      "name": "native--validator",
      "version": "0.1.0-beta.1",
      "license": "MIT"
    }
  }
}
